
Microsoft Visual Studio Solution File, Format Version 12.00
Project("{FAE04EC0-301F-11D3-BF4B-00C04F79EFBC}") = "Server", "Server\Server.csproj", "{676F0CC9-B07D-42CA-8C6E-E23F9497A18C}"
EndProject
Project("{FAE04EC0-301F-11D3-BF4B-00C04F79EFBC}") = "Client", "Client\Client.csproj", "{E56451AA-9E17-44A0-9EAB-95B4CA13E8DA}"
EndProject
Global
	GlobalSection(SolutionConfigurationPlatforms) = preSolution
		Debug|Any CPU = Debug|Any CPU
		Release|Any CPU = Release|Any CPU
	EndGlobalSection
	GlobalSection(ProjectConfigurationPlatforms) = postSolution
		{676F0CC9-B07D-42CA-8C6E-E23F9497A18C}.Debug|Any CPU.ActiveCfg = Debug|Any CPU
		{676F0CC9-B07D-42CA-8C6E-E23F9497A18C}.Debug|Any CPU.Build.0 = Debug|Any CPU
		{676F0CC9-B07D-42CA-8C6E-E23F9497A18C}.Release|Any CPU.ActiveCfg = Release|Any CPU
		{676F0CC9-B07D-42CA-8C6E-E23F9497A18C}.Release|Any CPU.Build.0 = Release|Any CPU
		{E56451AA-9E17-44A0-9EAB-95B4CA13E8DA}.Debug|Any CPU.ActiveCfg = Debug|Any CPU
		{E56451AA-9E17-44A0-9EAB-95B4CA13E8DA}.Debug|Any CPU.Build.0 = Debug|Any CPU
		{E56451AA-9E17-44A0-9EAB-95B4CA13E8DA}.Release|Any CPU.ActiveCfg = Release|Any CPU
		{E56451AA-9E17-44A0-9EAB-95B4CA13E8DA}.Release|Any CPU.Build.0 = Release|Any CPU
	EndGlobalSection
EndGlobal
